# THIS IS AN AUTOGENERATED FILE. DO NOT EDIT THIS FILE DIRECTLY.
# yarn lockfile v1


clean-css@^5.2.2:
  version "5.2.2"
  resolved "https://registry.yarnpkg.com/clean-css/-/clean-css-5.2.2.tgz#d3a7c6ee2511011e051719838bdcf8314dc4548d"
  integrity sha512-/eR8ru5zyxKzpBLv9YZvMXgTSSQn7AdkMItMYynsFgGwTveCRVam9IUPFloE85B4vAIj05IuKmmEoV7/AQjT0w==
  dependencies:
    source-map "~0.6.0"

eleventy@^1.0.6:
  version "1.0.6"
  resolved "https://registry.yarnpkg.com/eleventy/-/eleventy-1.0.6.tgz#938fa5c85e9c6372010ac1852a41d86b9dac4561"
  integrity sha512-IzaPK0P5eF/jm5qdOzrzq2947FFRKpZwHT8AR1WpGI4tTpkLnzwQF02p9m0o5XQQ4dypBExp69fUHViEiHUWpQ==

luxon@^2.1.1:
  version "2.1.1"
  resolved "https://registry.yarnpkg.com/luxon/-/luxon-2.1.1.tgz#34052f7a33a7989767637be7cf80b47db264ff88"
  integrity sha512-6VQVNw7+kQu3hL1ZH5GyOhnk8uZm21xS7XJ/6vDZaFNcb62dpFDKcH8TI5NkoZOdMRxr7af7aYGrJlE/Wv0i1w==

source-map@~0.6.0:
  version "0.6.1"
  resolved "https://registry.yarnpkg.com/source-map/-/source-map-0.6.1.tgz#74722af32e9614e9c287a8d0bbde48b5e2f1a263"
  integrity sha512-UjgapumWlbMhkBgzT7Ykc5YXUT46F0iKu8SGXq0bcwP5dz/h0Plj6enJqjz1Zbq2l5WaqYnrVbwWOWMyF3F47g==
